
Microsoft Visual Studio Solution File, Format Version 12.00
# Visual Studio Version 16
VisualStudioVersion = 16.0.30517.126
MinimumVisualStudioVersion = 10.0.40219.1
Project("{9A19103F-16F7-4668-BE54-9A1E7A4F7556}") = "ImageProcessingApi", "ImageProcessingApi\ImageProcessingApi.csproj", "{F98E9B98-D40C-4EF2-B4BA-00CD0BB4872A}"
EndProject
Project("{9A19103F-16F7-4668-BE54-9A1E7A4F7556}") = "Domain.Images", "Domain.Images\Domain.Images.csproj", "{162CBFE6-4E64-4B95-9533-D91573D4A3C9}"
EndProject
Project("{9A19103F-16F7-4668-BE54-9A1E7A4F7556}") = "Domain.Cache.Abstractions", "Domain.Cache.Abstractions\Domain.Cache.Abstractions.csproj", "{F1C5F720-1A6B-4002-9F48-C6A406FC5105}"
EndProject
Project("{9A19103F-16F7-4668-BE54-9A1E7A4F7556}") = "Domain.Cache.Redis", "Domain.Cache.Redis\Domain.Cache.Redis.csproj", "{523584FD-E26D-43AE-A4BD-94D53926B3A3}"
EndProject
Project("{9A19103F-16F7-4668-BE54-9A1E7A4F7556}") = "ImageProcessingApi.Tests", "ImageProcessingApi.Tests\ImageProcessingApi.Tests.csproj", "{22A4EC60-C3F5-4EA0-99BD-AF656B34F1EA}"
EndProject
Project("{FAE04EC0-301F-11D3-BF4B-00C04F79EFBC}") = "Domain.Images.Tests", "Domain.Images.Tests\Domain.Images.Tests.csproj", "{0265BC5A-CC59-4704-89EA-ADC6D5EA6069}"
EndProject
Global
	GlobalSection(SolutionConfigurationPlatforms) = preSolution
		Debug|Any CPU = Debug|Any CPU
		Release|Any CPU = Release|Any CPU
	EndGlobalSection
	GlobalSection(ProjectConfigurationPlatforms) = postSolution
		{F98E9B98-D40C-4EF2-B4BA-00CD0BB4872A}.Debug|Any CPU.ActiveCfg = Debug|Any CPU
		{F98E9B98-D40C-4EF2-B4BA-00CD0BB4872A}.Debug|Any CPU.Build.0 = Debug|Any CPU
		{F98E9B98-D40C-4EF2-B4BA-00CD0BB4872A}.Release|Any CPU.ActiveCfg = Release|Any CPU
		{F98E9B98-D40C-4EF2-B4BA-00CD0BB4872A}.Release|Any CPU.Build.0 = Release|Any CPU
		{162CBFE6-4E64-4B95-9533-D91573D4A3C9}.Debug|Any CPU.ActiveCfg = Debug|Any CPU
		{162CBFE6-4E64-4B95-9533-D91573D4A3C9}.Debug|Any CPU.Build.0 = Debug|Any CPU
		{162CBFE6-4E64-4B95-9533-D91573D4A3C9}.Release|Any CPU.ActiveCfg = Release|Any CPU
		{162CBFE6-4E64-4B95-9533-D91573D4A3C9}.Release|Any CPU.Build.0 = Release|Any CPU
		{F1C5F720-1A6B-4002-9F48-C6A406FC5105}.Debug|Any CPU.ActiveCfg = Debug|Any CPU
		{F1C5F720-1A6B-4002-9F48-C6A406FC5105}.Debug|Any CPU.Build.0 = Debug|Any CPU
		{F1C5F720-1A6B-4002-9F48-C6A406FC5105}.Release|Any CPU.ActiveCfg = Release|Any CPU
		{F1C5F720-1A6B-4002-9F48-C6A406FC5105}.Release|Any CPU.Build.0 = Release|Any CPU
		{523584FD-E26D-43AE-A4BD-94D53926B3A3}.Debug|Any CPU.ActiveCfg = Debug|Any CPU
		{523584FD-E26D-43AE-A4BD-94D53926B3A3}.Debug|Any CPU.Build.0 = Debug|Any CPU
		{523584FD-E26D-43AE-A4BD-94D53926B3A3}.Release|Any CPU.ActiveCfg = Release|Any CPU
		{523584FD-E26D-43AE-A4BD-94D53926B3A3}.Release|Any CPU.Build.0 = Release|Any CPU
		{22A4EC60-C3F5-4EA0-99BD-AF656B34F1EA}.Debug|Any CPU.ActiveCfg = Debug|Any CPU
		{22A4EC60-C3F5-4EA0-99BD-AF656B34F1EA}.Debug|Any CPU.Build.0 = Debug|Any CPU
		{22A4EC60-C3F5-4EA0-99BD-AF656B34F1EA}.Release|Any CPU.ActiveCfg = Release|Any CPU
		{22A4EC60-C3F5-4EA0-99BD-AF656B34F1EA}.Release|Any CPU.Build.0 = Release|Any CPU
		{0265BC5A-CC59-4704-89EA-ADC6D5EA6069}.Debug|Any CPU.ActiveCfg = Debug|Any CPU
		{0265BC5A-CC59-4704-89EA-ADC6D5EA6069}.Debug|Any CPU.Build.0 = Debug|Any CPU
		{0265BC5A-CC59-4704-89EA-ADC6D5EA6069}.Release|Any CPU.ActiveCfg = Release|Any CPU
		{0265BC5A-CC59-4704-89EA-ADC6D5EA6069}.Release|Any CPU.Build.0 = Release|Any CPU
	EndGlobalSection
	GlobalSection(SolutionProperties) = preSolution
		HideSolutionNode = FALSE
	EndGlobalSection
	GlobalSection(ExtensibilityGlobals) = postSolution
		SolutionGuid = {B3055343-6405-4D0F-8DE0-289B72B753C8}
	EndGlobalSection
EndGlobal
